// !$*UTF8*$!
{
	archiveVersion = 1;
	classes = {
	};
	objectVersion = 50;
	objects = {

/* Begin PBXBuildFile section */
		3FAE0B5224356B37005F7479 /* MSUIScaler.swift in Sources */ = {isa = PBXBuildFile; fileRef = 3FAE0B4D24356B36005F7479 /* MSUIScaler.swift */; };
		3FAE0B5324356B37005F7479 /* MSUIScalerMacros.h in Headers */ = {isa = PBXBuildFile; fileRef = 3FAE0B4E24356B37005F7479 /* MSUIScalerMacros.h */; settings = {ATTRIBUTES = (Public, ); }; };
		3FAE0B5424356B37005F7479 /* PiecewiseLinearFunction.swift in Sources */ = {isa = PBXBuildFile; fileRef = 3FAE0B4F24356B37005F7479 /* PiecewiseLinearFunction.swift */; };
		3FAE0B5524356B37005F7479 /* UIScaler.swift in Sources */ = {isa = PBXBuildFile; fileRef = 3FAE0B5024356B37005F7479 /* UIScaler.swift */; };
		3FAE0B5624356B37005F7479 /* map.h in Headers */ = {isa = PBXBuildFile; fileRef = 3FAE0B5124356B37005F7479 /* map.h */; settings = {ATTRIBUTES = (Public, ); }; };
		3FAE0B5824356B3E005F7479 /* UIScaler.h in Headers */ = {isa = PBXBuildFile; fileRef = 3FAE0B5724356B3E005F7479 /* UIScaler.h */; settings = {ATTRIBUTES = (Public, ); }; };
		3FAE0B5924356B43005F7479 /* UIScaler.h in Headers */ = {isa = PBXBuildFile; fileRef = 3FAE0B5724356B3E005F7479 /* UIScaler.h */; settings = {ATTRIBUTES = (Public, ); }; };
		3FAE0B5A24356B48005F7479 /* map.h in Headers */ = {isa = PBXBuildFile; fileRef = 3FAE0B5124356B37005F7479 /* map.h */; settings = {ATTRIBUTES = (Public, ); }; };
		3FAE0B5B24356B48005F7479 /* MSUIScaler.swift in Sources */ = {isa = PBXBuildFile; fileRef = 3FAE0B4D24356B36005F7479 /* MSUIScaler.swift */; };
		3FAE0B5C24356B48005F7479 /* MSUIScalerMacros.h in Headers */ = {isa = PBXBuildFile; fileRef = 3FAE0B4E24356B37005F7479 /* MSUIScalerMacros.h */; settings = {ATTRIBUTES = (Public, ); }; };
		3FAE0B5D24356B48005F7479 /* PiecewiseLinearFunction.swift in Sources */ = {isa = PBXBuildFile; fileRef = 3FAE0B4F24356B37005F7479 /* PiecewiseLinearFunction.swift */; };
		3FAE0B5E24356B48005F7479 /* UIScaler.swift in Sources */ = {isa = PBXBuildFile; fileRef = 3FAE0B5024356B37005F7479 /* UIScaler.swift */; };
/* End PBXBuildFile section */

/* Begin PBXFileReference section */
		3FAE0B3724356A50005F7479 /* UIScaler.framework */ = {isa = PBXFileReference; explicitFileType = wrapper.framework; includeInIndex = 0; path = UIScaler.framework; sourceTree = BUILT_PRODUCTS_DIR; };
		3FAE0B4524356A8F005F7479 /* UIScaler.framework */ = {isa = PBXFileReference; explicitFileType = wrapper.framework; includeInIndex = 0; path = UIScaler.framework; sourceTree = BUILT_PRODUCTS_DIR; };
		3FAE0B4D24356B36005F7479 /* MSUIScaler.swift */ = {isa = PBXFileReference; fileEncoding = 4; lastKnownFileType = sourcecode.swift; path = MSUIScaler.swift; sourceTree = "<group>"; };
		3FAE0B4E24356B37005F7479 /* MSUIScalerMacros.h */ = {isa = PBXFileReference; fileEncoding = 4; lastKnownFileType = sourcecode.c.h; path = MSUIScalerMacros.h; sourceTree = "<group>"; };
		3FAE0B4F24356B37005F7479 /* PiecewiseLinearFunction.swift */ = {isa = PBXFileReference; fileEncoding = 4; lastKnownFileType = sourcecode.swift; path = PiecewiseLinearFunction.swift; sourceTree = "<group>"; };
		3FAE0B5024356B37005F7479 /* UIScaler.swift */ = {isa = PBXFileReference; fileEncoding = 4; lastKnownFileType = sourcecode.swift; path = UIScaler.swift; sourceTree = "<group>"; };
		3FAE0B5124356B37005F7479 /* map.h */ = {isa = PBXFileReference; fileEncoding = 4; lastKnownFileType = sourcecode.c.h; path = map.h; sourceTree = "<group>"; };
		3FAE0B5724356B3E005F7479 /* UIScaler.h */ = {isa = PBXFileReference; fileEncoding = 4; lastKnownFileType = sourcecode.c.h; path = UIScaler.h; sourceTree = "<group>"; };
		3FAE0B6124356BD2005F7479 /* Info.plist */ = {isa = PBXFileReference; fileEncoding = 4; lastKnownFileType = text.plist.xml; path = Info.plist; sourceTree = "<group>"; };
/* End PBXFileReference section */

/* Begin PBXFrameworksBuildPhase section */
		3FAE0B3424356A50005F7479 /* Frameworks */ = {
			isa = PBXFrameworksBuildPhase;
			buildActionMask = 2147483647;
			files = (
			);
			runOnlyForDeploymentPostprocessing = 0;
		};
		3FAE0B4224356A8F005F7479 /* Frameworks */ = {
			isa = PBXFrameworksBuildPhase;
			buildActionMask = 2147483647;
			files = (
			);
			runOnlyForDeploymentPostprocessing = 0;
		};
/* End PBXFrameworksBuildPhase section */

/* Begin PBXGroup section */
		3FAE0B2B24356A41005F7479 = {
			isa = PBXGroup;
			children = (
				3FAE0B3924356A50005F7479 /* UIScaler */,
				3FAE0B6424356C34005F7479 /* Supporting Files */,
				3FAE0B3824356A50005F7479 /* Products */,
			);
			sourceTree = "<group>";
		};
		3FAE0B3824356A50005F7479 /* Products */ = {
			isa = PBXGroup;
			children = (
				3FAE0B3724356A50005F7479 /* UIScaler.framework */,
				3FAE0B4524356A8F005F7479 /* UIScaler.framework */,
			);
			name = Products;
			sourceTree = "<group>";
		};
		3FAE0B3924356A50005F7479 /* UIScaler */ = {
			isa = PBXGroup;
			children = (
				3FAE0B5124356B37005F7479 /* map.h */,
				3FAE0B4D24356B36005F7479 /* MSUIScaler.swift */,
				3FAE0B4E24356B37005F7479 /* MSUIScalerMacros.h */,
				3FAE0B4F24356B37005F7479 /* PiecewiseLinearFunction.swift */,
				3FAE0B5024356B37005F7479 /* UIScaler.swift */,
			);
			path = UIScaler;
			sourceTree = "<group>";
		};
		3FAE0B6424356C34005F7479 /* Supporting Files */ = {
			isa = PBXGroup;
			children = (
				3FAE0B5724356B3E005F7479 /* UIScaler.h */,
				3FAE0B6124356BD2005F7479 /* Info.plist */,
			);
			path = "Supporting Files";
			sourceTree = "<group>";
		};
/* End PBXGroup section */

/* Begin PBXHeadersBuildPhase section */
		3FAE0B3224356A50005F7479 /* Headers */ = {
			isa = PBXHeadersBuildPhase;
			buildActionMask = 2147483647;
			files = (
				3FAE0B5824356B3E005F7479 /* UIScaler.h in Headers */,
				3FAE0B5624356B37005F7479 /* map.h in Headers */,
				3FAE0B5324356B37005F7479 /* MSUIScalerMacros.h in Headers */,
			);
			runOnlyForDeploymentPostprocessing = 0;
		};
		3FAE0B4024356A8F005F7479 /* Headers */ = {
			isa = PBXHeadersBuildPhase;
			buildActionMask = 2147483647;
			files = (
				3FAE0B5924356B43005F7479 /* UIScaler.h in Headers */,
				3FAE0B5C24356B48005F7479 /* MSUIScalerMacros.h in Headers */,
				3FAE0B5A24356B48005F7479 /* map.h in Headers */,
			);
			runOnlyForDeploymentPostprocessing = 0;
		};
/* End PBXHeadersBuildPhase section */

/* Begin PBXNativeTarget section */
		3FAE0B3624356A50005F7479 /* UIScaler iOS */ = {
			isa = PBXNativeTarget;
			buildConfigurationList = 3FAE0B3D24356A50005F7479 /* Build configuration list for PBXNativeTarget "UIScaler iOS" */;
			buildPhases = (
				3FAE0B3224356A50005F7479 /* Headers */,
				3FAE0B3324356A50005F7479 /* Sources */,
				3FAE0B3424356A50005F7479 /* Frameworks */,
				3FAE0B3524356A50005F7479 /* Resources */,
			);
			buildRules = (
			);
			dependencies = (
			);
			name = "UIScaler iOS";
			productName = UIScaler;
			productReference = 3FAE0B3724356A50005F7479 /* UIScaler.framework */;
			productType = "com.apple.product-type.framework";
		};
		3FAE0B4424356A8F005F7479 /* UIScaler */ = {
			isa = PBXNativeTarget;
			buildConfigurationList = 3FAE0B4A24356A8F005F7479 /* Build configuration list for PBXNativeTarget "UIScaler" */;
			buildPhases = (
				3FAE0B4024356A8F005F7479 /* Headers */,
				3FAE0B4124356A8F005F7479 /* Sources */,
				3FAE0B4224356A8F005F7479 /* Frameworks */,
				3FAE0B4324356A8F005F7479 /* Resources */,
			);
			buildRules = (
			);
			dependencies = (
			);
			name = UIScaler;
			productName = UIScaler;
			productReference = 3FAE0B4524356A8F005F7479 /* UIScaler.framework */;
			productType = "com.apple.product-type.framework";
		};
/* End PBXNativeTarget section */

/* Begin PBXProject section */
		3FAE0B2C24356A41005F7479 /* Project object */ = {
			isa = PBXProject;
			attributes = {
				LastUpgradeCheck = 1130;
				TargetAttributes = {
					3FAE0B3624356A50005F7479 = {
						CreatedOnToolsVersion = 11.3;
						LastSwiftMigration = 1130;
					};
					3FAE0B4424356A8F005F7479 = {
						CreatedOnToolsVersion = 11.3;
					};
				};
			};
			buildConfigurationList = 3FAE0B2F24356A41005F7479 /* Build configuration list for PBXProject "UIScaler" */;
			compatibilityVersion = "Xcode 9.3";
			developmentRegion = en;
			hasScannedForEncodings = 0;
			knownRegions = (
				en,
				Base,
			);
			mainGroup = 3FAE0B2B24356A41005F7479;
			productRefGroup = 3FAE0B3824356A50005F7479 /* Products */;
			projectDirPath = "";
			projectRoot = "";
			targets = (
				3FAE0B3624356A50005F7479 /* UIScaler iOS */,
				3FAE0B4424356A8F005F7479 /* UIScaler */,
			);
		};
/* End PBXProject section */

/* Begin PBXResourcesBuildPhase section */
		3FAE0B3524356A50005F7479 /* Resources */ = {
			isa = PBXResourcesBuildPhase;
			buildActionMask = 2147483647;
			files = (
			);
			runOnlyForDeploymentPostprocessing = 0;
		};
		3FAE0B4324356A8F005F7479 /* Resources */ = {
			isa = PBXResourcesBuildPhase;
			buildActionMask = 2147483647;
			files = (
			);
			runOnlyForDeploymentPostprocessing = 0;
		};
/* End PBXResourcesBuildPhase section */

/* Begin PBXSourcesBuildPhase section */
		3FAE0B3324356A50005F7479 /* Sources */ = {
			isa = PBXSourcesBuildPhase;
			buildActionMask = 2147483647;
			files = (
				3FAE0B5524356B37005F7479 /* UIScaler.swift in Sources */,
				3FAE0B5224356B37005F7479 /* MSUIScaler.swift in Sources */,
				3FAE0B5424356B37005F7479 /* PiecewiseLinearFunction.swift in Sources */,
			);
			runOnlyForDeploymentPostprocessing = 0;
		};
		3FAE0B4124356A8F005F7479 /* Sources */ = {
			isa = PBXSourcesBuildPhase;
			buildActionMask = 2147483647;
			files = (
				3FAE0B5E24356B48005F7479 /* UIScaler.swift in Sources */,
				3FAE0B5B24356B48005F7479 /* MSUIScaler.swift in Sources */,
				3FAE0B5D24356B48005F7479 /* PiecewiseLinearFunction.swift in Sources */,
			);
			runOnlyForDeploymentPostprocessing = 0;
		};
/* End PBXSourcesBuildPhase section */

/* Begin XCBuildConfiguration section */
		3FAE0B3024356A41005F7479 /* Debug */ = {
			isa = XCBuildConfiguration;
			buildSettings = {
			};
			name = Debug;
		};
		3FAE0B3124356A41005F7479 /* Release */ = {
			isa = XCBuildConfiguration;
			buildSettings = {
			};
			name = Release;
		};
		3FAE0B3E24356A50005F7479 /* Debug */ = {
			isa = XCBuildConfiguration;
			buildSettings = {
				ALWAYS_SEARCH_USER_PATHS = NO;
				CLANG_ANALYZER_NONNULL = YES;
				CLANG_ANALYZER_NUMBER_OBJECT_CONVERSION = YES_AGGRESSIVE;
				CLANG_CXX_LANGUAGE_STANDARD = "gnu++14";
				CLANG_CXX_LIBRARY = "libc++";
				CLANG_ENABLE_MODULES = YES;
				CLANG_ENABLE_OBJC_ARC = YES;
				CLANG_ENABLE_OBJC_WEAK = YES;
				CLANG_WARN_BLOCK_CAPTURE_AUTORELEASING = YES;
				CLANG_WARN_BOOL_CONVERSION = YES;
				CLANG_WARN_COMMA = YES;
				CLANG_WARN_CONSTANT_CONVERSION = YES;
				CLANG_WARN_DEPRECATED_OBJC_IMPLEMENTATIONS = YES;
				CLANG_WARN_DIRECT_OBJC_ISA_USAGE = YES_ERROR;
				CLANG_WARN_DOCUMENTATION_COMMENTS = YES;
				CLANG_WARN_EMPTY_BODY = YES;
				CLANG_WARN_ENUM_CONVERSION = YES;
				CLANG_WARN_INFINITE_RECURSION = YES;
				CLANG_WARN_INT_CONVERSION = YES;
				CLANG_WARN_NON_LITERAL_NULL_CONVERSION = YES;
				CLANG_WARN_OBJC_IMPLICIT_RETAIN_SELF = YES;
				CLANG_WARN_OBJC_LITERAL_CONVERSION = YES;
				CLANG_WARN_OBJC_ROOT_CLASS = YES_ERROR;
				CLANG_WARN_RANGE_LOOP_ANALYSIS = YES;
				CLANG_WARN_STRICT_PROTOTYPES = YES;
				CLANG_WARN_SUSPICIOUS_MOVE = YES;
				CLANG_WARN_UNGUARDED_AVAILABILITY = YES_AGGRESSIVE;
				CLANG_WARN_UNREACHABLE_CODE = YES;
				CLANG_WARN__DUPLICATE_METHOD_MATCH = YES;
				CODE_SIGN_STYLE = Automatic;
				COPY_PHASE_STRIP = NO;
				CURRENT_PROJECT_VERSION = 1;
				DEBUG_INFORMATION_FORMAT = dwarf;
				DEFINES_MODULE = YES;
				DYLIB_COMPATIBILITY_VERSION = 1;
				DYLIB_CURRENT_VERSION = 1;
				DYLIB_INSTALL_NAME_BASE = "@rpath";
				ENABLE_STRICT_OBJC_MSGSEND = YES;
				ENABLE_TESTABILITY = YES;
				GCC_C_LANGUAGE_STANDARD = gnu11;
				GCC_DYNAMIC_NO_PIC = NO;
				GCC_NO_COMMON_BLOCKS = YES;
				GCC_OPTIMIZATION_LEVEL = 0;
				GCC_PREPROCESSOR_DEFINITIONS = (
					"DEBUG=1",
					"$(inherited)",
				);
				GCC_WARN_64_TO_32_BIT_CONVERSION = YES;
				GCC_WARN_ABOUT_RETURN_TYPE = YES_ERROR;
				GCC_WARN_UNDECLARED_SELECTOR = YES;
				GCC_WARN_UNINITIALIZED_AUTOS = YES_AGGRESSIVE;
				GCC_WARN_UNUSED_FUNCTION = YES;
				GCC_WARN_UNUSED_VARIABLE = YES;
				INFOPLIST_FILE = "Supporting Files/Info.plist";
				INSTALL_PATH = "$(LOCAL_LIBRARY_DIR)/Frameworks";
				IPHONEOS_DEPLOYMENT_TARGET = 10.0;
				LD_RUNPATH_SEARCH_PATHS = (
					"$(inherited)",
					"@executable_path/Frameworks",
					"@loader_path/Frameworks",
				);
				MTL_ENABLE_DEBUG_INFO = INCLUDE_SOURCE;
				MTL_FAST_MATH = YES;
				ONLY_ACTIVE_ARCH = YES;
				PRODUCT_BUNDLE_IDENTIFIER = com.elevateapp.UIScaler;
				PRODUCT_NAME = UIScaler;
				SDKROOT = iphoneos;
				SKIP_INSTALL = YES;
				SWIFT_OPTIMIZATION_LEVEL = "-Onone";
				SWIFT_VERSION = 5.0;
				TARGETED_DEVICE_FAMILY = "1,2";
				VERSIONING_SYSTEM = "apple-generic";
				VERSION_INFO_PREFIX = "";
			};
			name = Debug;
		};
		3FAE0B3F24356A50005F7479 /* Release */ = {
			isa = XCBuildConfiguration;
			buildSettings = {
				ALWAYS_SEARCH_USER_PATHS = NO;
				CLANG_ANALYZER_NONNULL = YES;
				CLANG_ANALYZER_NUMBER_OBJECT_CONVERSION = YES_AGGRESSIVE;
				CLANG_CXX_LANGUAGE_STANDARD = "gnu++14";
				CLANG_CXX_LIBRARY = "libc++";
				CLANG_ENABLE_MODULES = YES;
				CLANG_ENABLE_OBJC_ARC = YES;
				CLANG_ENABLE_OBJC_WEAK = YES;
				CLANG_WARN_BLOCK_CAPTURE_AUTORELEASING = YES;
				CLANG_WARN_BOOL_CONVERSION = YES;
				CLANG_WARN_COMMA = YES;
				CLANG_WARN_CONSTANT_CONVERSION = YES;
				CLANG_WARN_DEPRECATED_OBJC_IMPLEMENTATIONS = YES;
				CLANG_WARN_DIRECT_OBJC_ISA_USAGE = YES_ERROR;
				CLANG_WARN_DOCUMENTATION_COMMENTS = YES;
				CLANG_WARN_EMPTY_BODY = YES;
				CLANG_WARN_ENUM_CONVERSION = YES;
				CLANG_WARN_INFINITE_RECURSION = YES;
				CLANG_WARN_INT_CONVERSION = YES;
				CLANG_WARN_NON_LITERAL_NULL_CONVERSION = YES;
				CLANG_WARN_OBJC_IMPLICIT_RETAIN_SELF = YES;
				CLANG_WARN_OBJC_LITERAL_CONVERSION = YES;
				CLANG_WARN_OBJC_ROOT_CLASS = YES_ERROR;
				CLANG_WARN_RANGE_LOOP_ANALYSIS = YES;
				CLANG_WARN_STRICT_PROTOTYPES = YES;
				CLANG_WARN_SUSPICIOUS_MOVE = YES;
				CLANG_WARN_UNGUARDED_AVAILABILITY = YES_AGGRESSIVE;
				CLANG_WARN_UNREACHABLE_CODE = YES;
				CLANG_WARN__DUPLICATE_METHOD_MATCH = YES;
				CODE_SIGN_STYLE = Automatic;
				COPY_PHASE_STRIP = NO;
				CURRENT_PROJECT_VERSION = 1;
				DEBUG_INFORMATION_FORMAT = "dwarf-with-dsym";
				DEFINES_MODULE = YES;
				DYLIB_COMPATIBILITY_VERSION = 1;
				DYLIB_CURRENT_VERSION = 1;
				DYLIB_INSTALL_NAME_BASE = "@rpath";
				ENABLE_NS_ASSERTIONS = NO;
				ENABLE_STRICT_OBJC_MSGSEND = YES;
				GCC_C_LANGUAGE_STANDARD = gnu11;
				GCC_NO_COMMON_BLOCKS = YES;
				GCC_WARN_64_TO_32_BIT_CONVERSION = YES;
				GCC_WARN_ABOUT_RETURN_TYPE = YES_ERROR;
				GCC_WARN_UNDECLARED_SELECTOR = YES;
				GCC_WARN_UNINITIALIZED_AUTOS = YES_AGGRESSIVE;
				GCC_WARN_UNUSED_FUNCTION = YES;
				GCC_WARN_UNUSED_VARIABLE = YES;
				INFOPLIST_FILE = "Supporting Files/Info.plist";
				INSTALL_PATH = "$(LOCAL_LIBRARY_DIR)/Frameworks";
				IPHONEOS_DEPLOYMENT_TARGET = 10.0;
				LD_RUNPATH_SEARCH_PATHS = (
					"$(inherited)",
					"@executable_path/Frameworks",
					"@loader_path/Frameworks",
				);
				MTL_ENABLE_DEBUG_INFO = NO;
				MTL_FAST_MATH = YES;
				PRODUCT_BUNDLE_IDENTIFIER = com.elevateapp.UIScaler;
				PRODUCT_NAME = UIScaler;
				SDKROOT = iphoneos;
				SKIP_INSTALL = YES;
				SWIFT_VERSION = 5.0;
				TARGETED_DEVICE_FAMILY = "1,2";
				VALIDATE_PRODUCT = YES;
				VERSIONING_SYSTEM = "apple-generic";
				VERSION_INFO_PREFIX = "";
			};
			name = Release;
		};
		3FAE0B4B24356A8F005F7479 /* Debug */ = {
			isa = XCBuildConfiguration;
			buildSettings = {
				ALWAYS_EMBED_SWIFT_STANDARD_LIBRARIES = YES;
				ALWAYS_SEARCH_USER_PATHS = NO;
				CLANG_ANALYZER_NONNULL = YES;
				CLANG_ANALYZER_NUMBER_OBJECT_CONVERSION = YES_AGGRESSIVE;
				CLANG_CXX_LANGUAGE_STANDARD = "gnu++14";
				CLANG_CXX_LIBRARY = "libc++";
				CLANG_ENABLE_MODULES = YES;
				CLANG_ENABLE_OBJC_ARC = YES;
				CLANG_ENABLE_OBJC_WEAK = YES;
				CLANG_WARN_BLOCK_CAPTURE_AUTORELEASING = YES;
				CLANG_WARN_BOOL_CONVERSION = YES;
				CLANG_WARN_COMMA = YES;
				CLANG_WARN_CONSTANT_CONVERSION = YES;
				CLANG_WARN_DEPRECATED_OBJC_IMPLEMENTATIONS = YES;
				CLANG_WARN_DIRECT_OBJC_ISA_USAGE = YES_ERROR;
				CLANG_WARN_DOCUMENTATION_COMMENTS = YES;
				CLANG_WARN_EMPTY_BODY = YES;
				CLANG_WARN_ENUM_CONVERSION = YES;
				CLANG_WARN_INFINITE_RECURSION = YES;
				CLANG_WARN_INT_CONVERSION = YES;
				CLANG_WARN_NON_LITERAL_NULL_CONVERSION = YES;
				CLANG_WARN_OBJC_IMPLICIT_RETAIN_SELF = YES;
				CLANG_WARN_OBJC_LITERAL_CONVERSION = YES;
				CLANG_WARN_OBJC_ROOT_CLASS = YES_ERROR;
				CLANG_WARN_RANGE_LOOP_ANALYSIS = YES;
				CLANG_WARN_STRICT_PROTOTYPES = YES;
				CLANG_WARN_SUSPICIOUS_MOVE = YES;
				CLANG_WARN_UNGUARDED_AVAILABILITY = YES_AGGRESSIVE;
				CLANG_WARN_UNREACHABLE_CODE = YES;
				CLANG_WARN__DUPLICATE_METHOD_MATCH = YES;
				CODE_SIGN_STYLE = Automatic;
				COMBINE_HIDPI_IMAGES = YES;
				COPY_PHASE_STRIP = NO;
				CURRENT_PROJECT_VERSION = 1;
				DEBUG_INFORMATION_FORMAT = dwarf;
				DEFINES_MODULE = YES;
				DYLIB_COMPATIBILITY_VERSION = 1;
				DYLIB_CURRENT_VERSION = 1;
				DYLIB_INSTALL_NAME_BASE = "@rpath";
				ENABLE_STRICT_OBJC_MSGSEND = YES;
				ENABLE_TESTABILITY = YES;
				GCC_C_LANGUAGE_STANDARD = gnu11;
				GCC_DYNAMIC_NO_PIC = NO;
				GCC_NO_COMMON_BLOCKS = YES;
				GCC_OPTIMIZATION_LEVEL = 0;
				GCC_PREPROCESSOR_DEFINITIONS = (
					"DEBUG=1",
					"$(inherited)",
				);
				GCC_WARN_64_TO_32_BIT_CONVERSION = YES;
				GCC_WARN_ABOUT_RETURN_TYPE = YES_ERROR;
				GCC_WARN_UNDECLARED_SELECTOR = YES;
				GCC_WARN_UNINITIALIZED_AUTOS = YES_AGGRESSIVE;
				GCC_WARN_UNUSED_FUNCTION = YES;
				GCC_WARN_UNUSED_VARIABLE = YES;
				INFOPLIST_FILE = "Supporting Files/Info.plist";
				INSTALL_PATH = "$(LOCAL_LIBRARY_DIR)/Frameworks";
				LD_RUNPATH_SEARCH_PATHS = (
					"$(inherited)",
					"@executable_path/../Frameworks",
					"@loader_path/Frameworks",
				);
				MACOSX_DEPLOYMENT_TARGET = 10.10;
				MTL_ENABLE_DEBUG_INFO = INCLUDE_SOURCE;
				MTL_FAST_MATH = YES;
				ONLY_ACTIVE_ARCH = YES;
				PRODUCT_BUNDLE_IDENTIFIER = com.elevateapp.UIScaler;
				PRODUCT_NAME = "$(TARGET_NAME:c99extidentifier)";
				SDKROOT = macosx;
				SKIP_INSTALL = YES;
				SWIFT_VERSION = 5.0;
				VERSIONING_SYSTEM = "apple-generic";
				VERSION_INFO_PREFIX = "";
			};
			name = Debug;
		};
		3FAE0B4C24356A8F005F7479 /* Release */ = {
			isa = XCBuildConfiguration;
			buildSettings = {
				ALWAYS_EMBED_SWIFT_STANDARD_LIBRARIES = YES;
				ALWAYS_SEARCH_USER_PATHS = NO;
				CLANG_ANALYZER_NONNULL = YES;
				CLANG_ANALYZER_NUMBER_OBJECT_CONVERSION = YES_AGGRESSIVE;
				CLANG_CXX_LANGUAGE_STANDARD = "gnu++14";
				CLANG_CXX_LIBRARY = "libc++";
				CLANG_ENABLE_MODULES = YES;
				CLANG_ENABLE_OBJC_ARC = YES;
				CLANG_ENABLE_OBJC_WEAK = YES;
				CLANG_WARN_BLOCK_CAPTURE_AUTORELEASING = YES;
				CLANG_WARN_BOOL_CONVERSION = YES;
				CLANG_WARN_COMMA = YES;
				CLANG_WARN_CONSTANT_CONVERSION = YES;
				CLANG_WARN_DEPRECATED_OBJC_IMPLEMENTATIONS = YES;
				CLANG_WARN_DIRECT_OBJC_ISA_USAGE = YES_ERROR;
				CLANG_WARN_DOCUMENTATION_COMMENTS = YES;
				CLANG_WARN_EMPTY_BODY = YES;
				CLANG_WARN_ENUM_CONVERSION = YES;
				CLANG_WARN_INFINITE_RECURSION = YES;
				CLANG_WARN_INT_CONVERSION = YES;
				CLANG_WARN_NON_LITERAL_NULL_CONVERSION = YES;
				CLANG_WARN_OBJC_IMPLICIT_RETAIN_SELF = YES;
				CLANG_WARN_OBJC_LITERAL_CONVERSION = YES;
				CLANG_WARN_OBJC_ROOT_CLASS = YES_ERROR;
				CLANG_WARN_RANGE_LOOP_ANALYSIS = YES;
				CLANG_WARN_STRICT_PROTOTYPES = YES;
				CLANG_WARN_SUSPICIOUS_MOVE = YES;
				CLANG_WARN_UNGUARDED_AVAILABILITY = YES_AGGRESSIVE;
				CLANG_WARN_UNREACHABLE_CODE = YES;
				CLANG_WARN__DUPLICATE_METHOD_MATCH = YES;
				CODE_SIGN_STYLE = Automatic;
				COMBINE_HIDPI_IMAGES = YES;
				COPY_PHASE_STRIP = NO;
				CURRENT_PROJECT_VERSION = 1;
				DEBUG_INFORMATION_FORMAT = "dwarf-with-dsym";
				DEFINES_MODULE = YES;
				DYLIB_COMPATIBILITY_VERSION = 1;
				DYLIB_CURRENT_VERSION = 1;
				DYLIB_INSTALL_NAME_BASE = "@rpath";
				ENABLE_NS_ASSERTIONS = NO;
				ENABLE_STRICT_OBJC_MSGSEND = YES;
				GCC_C_LANGUAGE_STANDARD = gnu11;
				GCC_NO_COMMON_BLOCKS = YES;
				GCC_WARN_64_TO_32_BIT_CONVERSION = YES;
				GCC_WARN_ABOUT_RETURN_TYPE = YES_ERROR;
				GCC_WARN_UNDECLARED_SELECTOR = YES;
				GCC_WARN_UNINITIALIZED_AUTOS = YES_AGGRESSIVE;
				GCC_WARN_UNUSED_FUNCTION = YES;
				GCC_WARN_UNUSED_VARIABLE = YES;
				INFOPLIST_FILE = "Supporting Files/Info.plist";
				INSTALL_PATH = "$(LOCAL_LIBRARY_DIR)/Frameworks";
				LD_RUNPATH_SEARCH_PATHS = (
					"$(inherited)",
					"@executable_path/../Frameworks",
					"@loader_path/Frameworks",
				);
				MACOSX_DEPLOYMENT_TARGET = 10.10;
				MTL_ENABLE_DEBUG_INFO = NO;
				MTL_FAST_MATH = YES;
				PRODUCT_BUNDLE_IDENTIFIER = com.elevateapp.UIScaler;
				PRODUCT_NAME = "$(TARGET_NAME:c99extidentifier)";
				SDKROOT = macosx;
				SKIP_INSTALL = YES;
				SWIFT_VERSION = 5.0;
				VERSIONING_SYSTEM = "apple-generic";
				VERSION_INFO_PREFIX = "";
			};
			name = Release;
		};
/* End XCBuildConfiguration section */

/* Begin XCConfigurationList section */
		3FAE0B2F24356A41005F7479 /* Build configuration list for PBXProject "UIScaler" */ = {
			isa = XCConfigurationList;
			buildConfigurations = (
				3FAE0B3024356A41005F7479 /* Debug */,
				3FAE0B3124356A41005F7479 /* Release */,
			);
			defaultConfigurationIsVisible = 0;
			defaultConfigurationName = Release;
		};
		3FAE0B3D24356A50005F7479 /* Build configuration list for PBXNativeTarget "UIScaler iOS" */ = {
			isa = XCConfigurationList;
			buildConfigurations = (
				3FAE0B3E24356A50005F7479 /* Debug */,
				3FAE0B3F24356A50005F7479 /* Release */,
			);
			defaultConfigurationIsVisible = 0;
			defaultConfigurationName = Release;
		};
		3FAE0B4A24356A8F005F7479 /* Build configuration list for PBXNativeTarget "UIScaler" */ = {
			isa = XCConfigurationList;
			buildConfigurations = (
				3FAE0B4B24356A8F005F7479 /* Debug */,
				3FAE0B4C24356A8F005F7479 /* Release */,
			);
			defaultConfigurationIsVisible = 0;
			defaultConfigurationName = Release;
		};
/* End XCConfigurationList section */
	};
	rootObject = 3FAE0B2C24356A41005F7479 /* Project object */;
}
